
Microsoft Visual Studio Solution File, Format Version 12.00
# Visual Studio Version 17
VisualStudioVersion = 17.14.36414.22 d17.14
MinimumVisualStudioVersion = 10.0.40219.1
Project("{FAE04EC0-301F-11D3-BF4B-00C04F79EFBC}") = "ListasDobles", "ListasDobles\ListasDobles.csproj", "{D9565610-DE6B-4273-9259-DA69034E4DC7}"
EndProject
Global
	GlobalSection(SolutionConfigurationPlatforms) = preSolution
		Debug|Any CPU = Debug|Any CPU
		Release|Any CPU = Release|Any CPU
	EndGlobalSection
	GlobalSection(ProjectConfigurationPlatforms) = postSolution
		{D9565610-DE6B-4273-9259-DA69034E4DC7}.Debug|Any CPU.ActiveCfg = Debug|Any CPU
		{D9565610-DE6B-4273-9259-DA69034E4DC7}.Debug|Any CPU.Build.0 = Debug|Any CPU
		{D9565610-DE6B-4273-9259-DA69034E4DC7}.Release|Any CPU.ActiveCfg = Release|Any CPU
		{D9565610-DE6B-4273-9259-DA69034E4DC7}.Release|Any CPU.Build.0 = Release|Any CPU
	EndGlobalSection
	GlobalSection(SolutionProperties) = preSolution
		HideSolutionNode = FALSE
	EndGlobalSection
	GlobalSection(ExtensibilityGlobals) = postSolution
		SolutionGuid = {DF00D8DB-CB25-4670-9BC1-24B4907A271D}
	EndGlobalSection
EndGlobal
